# Drawing title-block general tolerances (ASME-style, inch — matches the
# US-customary fastener policy). The dashed-decimal rows mean "a dimension
# displayed with N decimal places carries this ± unless otherwise specified".
# ``display`` is pasted verbatim into part custom properties (TOL_LIN_XX /
# TOL_LIN_XXX / TOL_ANG / TOL_SURFACE) that the drawing template's title block
# reads via $PRPSHEET; ``value_in``/``value_deg`` feed the same numbers into
# each part's DimXpert block-tolerance document properties — keep the pairs in
# agreement.
#
# Split from tolerances.yaml on purpose: the fit/general classes there are read
# by assembly GEOMETRY (drive_train / paper_drive via _config.fit), so sharing
# a file would send those assemblies down the ~500 s FULL rebuild path for a
# display-string edit. In its own file, a title-block edit re-stamps parts and
# REFRESHES dependents only.
#
# Coherence with the mm classes in tolerances.yaml: ±.02 in = 0.508 mm ≈
# visual_noncritical; ±.005 in = 0.127 mm ≈ machined_block.
#
# INTERIM (until the inch migration, issue #290): the ``display`` strings are
# the mm renderings of the same inch tolerances, because generated sheets
# still dimension in mm — an inch string like "±.02" on a metric print reads
# as ±0.02 mm, 25x tighter than intended (Codex P1). When #290 flips the
# drawings to inch, restore the inch strings: "±.02" / "±.005" / "±1°" /
# "Ra 125" (µin). The numeric value_in/value_deg/value_uin fields are
# unit-explicit and stay put.
linear_2pl: { value_in: 0.02,  display: "±0.51" }   # .XX  (= ±.02 in)
linear_3pl: { value_in: 0.005, display: "±0.13" }   # .XXX (= ±.005 in)
angular:    { value_deg: 1.0,  display: "±1°" }
surface:    { value_uin: 125,  display: "Ra 3.2" }  # µm (= 125 µin), machined finish; text sits above the finish symbol's arm (ASME Y14.36)
